lockfileVersion: '6.1'

settings:
  autoInstallPeers: true
  excludeLinksFromLockfile: false

dependencies:
  '@types/node':
    specifier: ^20.10.0
    version: 20.10.0

packages:

  /@types/node@20.10.0:
    resolution: {integrity: sha512-D0WfRmU9TQ8I9PFx9Yc+EBHw+vSpIub4IDvQivcp26PtPrdMGAq5SDcpXEo/epqa/DXotVpekHiLNTg3iaKXBQ==}
    dependencies:
      undici-types: 5.26.5
    dev: false

  /undici-types@5.26.5:
    resolution: {integrity: sha512-JlCMO+ehdEIKqlFxk6IfVoAUVmgz7cU7zD/h9XZ0qzeosSHmUJVOzSQvvYSYWXkFXC+IfLKSIffhv0sVZup6pA==}
    dev: false
